// !$*UTF8*$!
{
	archiveVersion = 1;
	classes = {
	};
	objectVersion = 50;
	objects = {

/* Begin PBXBuildFile section */
		7028689423B8445D006AF605 /* AppDelegate.swift in Sources */ = {isa = PBXBuildFile; fileRef = 7028689323B8445D006AF605 /* AppDelegate.swift */; };
		7028689623B8445D006AF605 /* SceneDelegate.swift in Sources */ = {isa = PBXBuildFile; fileRef = 7028689523B8445D006AF605 /* SceneDelegate.swift */; };
		7028689B23B8445D006AF605 /* Main.storyboard in Resources */ = {isa = PBXBuildFile; fileRef = 7028689923B8445D006AF605 /* Main.storyboard */; };
		7028689D23B8445F006AF605 /* Assets.xcassets in Resources */ = {isa = PBXBuildFile; fileRef = 7028689C23B8445F006AF605 /* Assets.xcassets */; };
		702868A023B8445F006AF605 /* LaunchScreen.storyboard in Resources */ = {isa = PBXBuildFile; fileRef = 7028689E23B8445F006AF605 /* LaunchScreen.storyboard */; };
		702868AE23B844DC006AF605 /* SecondVC.swift in Sources */ = {isa = PBXBuildFile; fileRef = 702868AD23B844DC006AF605 /* SecondVC.swift */; };
		702868B023B844EB006AF605 /* ThirdVC.swift in Sources */ = {isa = PBXBuildFile; fileRef = 702868AF23B844EB006AF605 /* ThirdVC.swift */; };
		702868B223B844F8006AF605 /* FourthVC.swift in Sources */ = {isa = PBXBuildFile; fileRef = 702868B123B844F8006AF605 /* FourthVC.swift */; };
		702868B623B84759006AF605 /* FirstVC.swift in Sources */ = {isa = PBXBuildFile; fileRef = 702868B523B84759006AF605 /* FirstVC.swift */; };
/* End PBXBuildFile section */

/* Begin PBXFileReference section */
		7028689023B8445D006AF605 /* Navigation Controller.app */ = {isa = PBXFileReference; explicitFileType = wrapper.application; includeInIndex = 0; path = "Navigation Controller.app"; sourceTree = BUILT_PRODUCTS_DIR; };
		7028689323B8445D006AF605 /* AppDelegate.swift */ = {isa = PBXFileReference; lastKnownFileType = sourcecode.swift; path = AppDelegate.swift; sourceTree = "<group>"; };
		7028689523B8445D006AF605 /* SceneDelegate.swift */ = {isa = PBXFileReference; lastKnownFileType = sourcecode.swift; path = SceneDelegate.swift; sourceTree = "<group>"; };
		7028689A23B8445D006AF605 /* Base */ = {isa = PBXFileReference; lastKnownFileType = file.storyboard; name = Base; path = Base.lproj/Main.storyboard; sourceTree = "<group>"; };
		7028689C23B8445F006AF605 /* Assets.xcassets */ = {isa = PBXFileReference; lastKnownFileType = folder.assetcatalog; path = Assets.xcassets; sourceTree = "<group>"; };
		7028689F23B8445F006AF605 /* Base */ = {isa = PBXFileReference; lastKnownFileType = file.storyboard; name = Base; path = Base.lproj/LaunchScreen.storyboard; sourceTree = "<group>"; };
		702868A123B8445F006AF605 /* Info.plist */ = {isa = PBXFileReference; lastKnownFileType = text.plist.xml; path = Info.plist; sourceTree = "<group>"; };
		702868AD23B844DC006AF605 /* SecondVC.swift */ = {isa = PBXFileReference; lastKnownFileType = sourcecode.swift; path = SecondVC.swift; sourceTree = "<group>"; };
		702868AF23B844EB006AF605 /* ThirdVC.swift */ = {isa = PBXFileReference; lastKnownFileType = sourcecode.swift; path = ThirdVC.swift; sourceTree = "<group>"; };
		702868B123B844F8006AF605 /* FourthVC.swift */ = {isa = PBXFileReference; lastKnownFileType = sourcecode.swift; path = FourthVC.swift; sourceTree = "<group>"; };
		702868B523B84759006AF605 /* FirstVC.swift */ = {isa = PBXFileReference; lastKnownFileType = sourcecode.swift; path = FirstVC.swift; sourceTree = "<group>"; };
/* End PBXFileReference section */

/* Begin PBXFrameworksBuildPhase section */
		7028688D23B8445D006AF605 /* Frameworks */ = {
			isa = PBXFrameworksBuildPhase;
			buildActionMask = 2147483647;
			files = (
			);
			runOnlyForDeploymentPostprocessing = 0;
		};
/* End PBXFrameworksBuildPhase section */

/* Begin PBXGroup section */
		7028688723B8445D006AF605 = {
			isa = PBXGroup;
			children = (
				7028689223B8445D006AF605 /* Navigation Controller */,
				7028689123B8445D006AF605 /* Products */,
			);
			sourceTree = "<group>";
		};
		7028689123B8445D006AF605 /* Products */ = {
			isa = PBXGroup;
			children = (
				7028689023B8445D006AF605 /* Navigation Controller.app */,
			);
			name = Products;
			sourceTree = "<group>";
		};
		7028689223B8445D006AF605 /* Navigation Controller */ = {
			isa = PBXGroup;
			children = (
				702868A723B8446A006AF605 /* Protocol */,
				702868A823B84476006AF605 /* Controller */,
				702868AA23B8448F006AF605 /* View */,
				702868A923B84485006AF605 /* Supporting files */,
				702868A123B8445F006AF605 /* Info.plist */,
			);
			path = "Navigation Controller";
			sourceTree = "<group>";
		};
		702868A723B8446A006AF605 /* Protocol */ = {
			isa = PBXGroup;
			children = (
				7028689323B8445D006AF605 /* AppDelegate.swift */,
				7028689523B8445D006AF605 /* SceneDelegate.swift */,
			);
			path = Protocol;
			sourceTree = "<group>";
		};
		702868A823B84476006AF605 /* Controller */ = {
			isa = PBXGroup;
			children = (
				702868AD23B844DC006AF605 /* SecondVC.swift */,
				702868AF23B844EB006AF605 /* ThirdVC.swift */,
				702868B123B844F8006AF605 /* FourthVC.swift */,
				702868B523B84759006AF605 /* FirstVC.swift */,
			);
			path = Controller;
			sourceTree = "<group>";
		};
		702868A923B84485006AF605 /* Supporting files */ = {
			isa = PBXGroup;
			children = (
				7028689C23B8445F006AF605 /* Assets.xcassets */,
				7028689E23B8445F006AF605 /* LaunchScreen.storyboard */,
			);
			path = "Supporting files";
			sourceTree = "<group>";
		};
		702868AA23B8448F006AF605 /* View */ = {
			isa = PBXGroup;
			children = (
				7028689923B8445D006AF605 /* Main.storyboard */,
			);
			path = View;
			sourceTree = "<group>";
		};
/* End PBXGroup section */

/* Begin PBXNativeTarget section */
		7028688F23B8445D006AF605 /* Navigation Controller */ = {
			isa = PBXNativeTarget;
			buildConfigurationList = 702868A423B8445F006AF605 /* Build configuration list for PBXNativeTarget "Navigation Controller" */;
			buildPhases = (
				7028688C23B8445D006AF605 /* Sources */,
				7028688D23B8445D006AF605 /* Frameworks */,
				7028688E23B8445D006AF605 /* Resources */,
			);
			buildRules = (
			);
			dependencies = (
			);
			name = "Navigation Controller";
			productName = "Navigation Controller";
			productReference = 7028689023B8445D006AF605 /* Navigation Controller.app */;
			productType = "com.apple.product-type.application";
		};
/* End PBXNativeTarget section */

/* Begin PBXProject section */
		7028688823B8445D006AF605 /* Project object */ = {
			isa = PBXProject;
			attributes = {
				LastSwiftUpdateCheck = 1130;
				LastUpgradeCheck = 1130;
				ORGANIZATIONNAME = "Bruce Wang";
				TargetAttributes = {
					7028688F23B8445D006AF605 = {
						CreatedOnToolsVersion = 11.3;
					};
				};
			};
			buildConfigurationList = 7028688B23B8445D006AF605 /* Build configuration list for PBXProject "Navigation Controller" */;
			compatibilityVersion = "Xcode 9.3";
			developmentRegion = en;
			hasScannedForEncodings = 0;
			knownRegions = (
				en,
				Base,
			);
			mainGroup = 7028688723B8445D006AF605;
			productRefGroup = 7028689123B8445D006AF605 /* Products */;
			projectDirPath = "";
			projectRoot = "";
			targets = (
				7028688F23B8445D006AF605 /* Navigation Controller */,
			);
		};
/* End PBXProject section */

/* Begin PBXResourcesBuildPhase section */
		7028688E23B8445D006AF605 /* Resources */ = {
			isa = PBXResourcesBuildPhase;
			buildActionMask = 2147483647;
			files = (
				702868A023B8445F006AF605 /* LaunchScreen.storyboard in Resources */,
				7028689D23B8445F006AF605 /* Assets.xcassets in Resources */,
				7028689B23B8445D006AF605 /* Main.storyboard in Resources */,
			);
			runOnlyForDeploymentPostprocessing = 0;
		};
/* End PBXResourcesBuildPhase section */

/* Begin PBXSourcesBuildPhase section */
		7028688C23B8445D006AF605 /* Sources */ = {
			isa = PBXSourcesBuildPhase;
			buildActionMask = 2147483647;
			files = (
				7028689423B8445D006AF605 /* AppDelegate.swift in Sources */,
				702868B623B84759006AF605 /* FirstVC.swift in Sources */,
				702868B223B844F8006AF605 /* FourthVC.swift in Sources */,
				702868AE23B844DC006AF605 /* SecondVC.swift in Sources */,
				7028689623B8445D006AF605 /* SceneDelegate.swift in Sources */,
				702868B023B844EB006AF605 /* ThirdVC.swift in Sources */,
			);
			runOnlyForDeploymentPostprocessing = 0;
		};
/* End PBXSourcesBuildPhase section */

/* Begin PBXVariantGroup section */
		7028689923B8445D006AF605 /* Main.storyboard */ = {
			isa = PBXVariantGroup;
			children = (
				7028689A23B8445D006AF605 /* Base */,
			);
			name = Main.storyboard;
			sourceTree = "<group>";
		};
		7028689E23B8445F006AF605 /* LaunchScreen.storyboard */ = {
			isa = PBXVariantGroup;
			children = (
				7028689F23B8445F006AF605 /* Base */,
			);
			name = LaunchScreen.storyboard;
			sourceTree = "<group>";
		};
/* End PBXVariantGroup section */

/* Begin XCBuildConfiguration section */
		702868A223B8445F006AF605 /* Debug */ = {
			isa = XCBuildConfiguration;
			buildSettings = {
				ALWAYS_SEARCH_USER_PATHS = NO;
				CLANG_ANALYZER_NONNULL = YES;
				CLANG_ANALYZER_NUMBER_OBJECT_CONVERSION = YES_AGGRESSIVE;
				CLANG_CXX_LANGUAGE_STANDARD = "gnu++14";
				CLANG_CXX_LIBRARY = "libc++";
				CLANG_ENABLE_MODULES = YES;
				CLANG_ENABLE_OBJC_ARC = YES;
				CLANG_ENABLE_OBJC_WEAK = YES;
				CLANG_WARN_BLOCK_CAPTURE_AUTORELEASING = YES;
				CLANG_WARN_BOOL_CONVERSION = YES;
				CLANG_WARN_COMMA = YES;
				CLANG_WARN_CONSTANT_CONVERSION = YES;
				CLANG_WARN_DEPRECATED_OBJC_IMPLEMENTATIONS = YES;
				CLANG_WARN_DIRECT_OBJC_ISA_USAGE = YES_ERROR;
				CLANG_WARN_DOCUMENTATION_COMMENTS = YES;
				CLANG_WARN_EMPTY_BODY = YES;
				CLANG_WARN_ENUM_CONVERSION = YES;
				CLANG_WARN_INFINITE_RECURSION = YES;
				CLANG_WARN_INT_CONVERSION = YES;
				CLANG_WARN_NON_LITERAL_NULL_CONVERSION = YES;
				CLANG_WARN_OBJC_IMPLICIT_RETAIN_SELF = YES;
				CLANG_WARN_OBJC_LITERAL_CONVERSION = YES;
				CLANG_WARN_OBJC_ROOT_CLASS = YES_ERROR;
				CLANG_WARN_RANGE_LOOP_ANALYSIS = YES;
				CLANG_WARN_STRICT_PROTOTYPES = YES;
				CLANG_WARN_SUSPICIOUS_MOVE = YES;
				CLANG_WARN_UNGUARDED_AVAILABILITY = YES_AGGRESSIVE;
				CLANG_WARN_UNREACHABLE_CODE = YES;
				CLANG_WARN__DUPLICATE_METHOD_MATCH = YES;
				COPY_PHASE_STRIP = NO;
				DEBUG_INFORMATION_FORMAT = dwarf;
				ENABLE_STRICT_OBJC_MSGSEND = YES;
				ENABLE_TESTABILITY = YES;
				GCC_C_LANGUAGE_STANDARD = gnu11;
				GCC_DYNAMIC_NO_PIC = NO;
				GCC_NO_COMMON_BLOCKS = YES;
				GCC_OPTIMIZATION_LEVEL = 0;
				GCC_PREPROCESSOR_DEFINITIONS = (
					"DEBUG=1",
					"$(inherited)",
				);
				GCC_WARN_64_TO_32_BIT_CONVERSION = YES;
				GCC_WARN_ABOUT_RETURN_TYPE = YES_ERROR;
				GCC_WARN_UNDECLARED_SELECTOR = YES;
				GCC_WARN_UNINITIALIZED_AUTOS = YES_AGGRESSIVE;
				GCC_WARN_UNUSED_FUNCTION = YES;
				GCC_WARN_UNUSED_VARIABLE = YES;
				IPHONEOS_DEPLOYMENT_TARGET = 13.2;
				MTL_ENABLE_DEBUG_INFO = INCLUDE_SOURCE;
				MTL_FAST_MATH = YES;
				ONLY_ACTIVE_ARCH = YES;
				SDKROOT = iphoneos;
				SWIFT_ACTIVE_COMPILATION_CONDITIONS = DEBUG;
				SWIFT_OPTIMIZATION_LEVEL = "-Onone";
			};
			name = Debug;
		};
		702868A323B8445F006AF605 /* Release */ = {
			isa = XCBuildConfiguration;
			buildSettings = {
				ALWAYS_SEARCH_USER_PATHS = NO;
				CLANG_ANALYZER_NONNULL = YES;
				CLANG_ANALYZER_NUMBER_OBJECT_CONVERSION = YES_AGGRESSIVE;
				CLANG_CXX_LANGUAGE_STANDARD = "gnu++14";
				CLANG_CXX_LIBRARY = "libc++";
				CLANG_ENABLE_MODULES = YES;
				CLANG_ENABLE_OBJC_ARC = YES;
				CLANG_ENABLE_OBJC_WEAK = YES;
				CLANG_WARN_BLOCK_CAPTURE_AUTORELEASING = YES;
				CLANG_WARN_BOOL_CONVERSION = YES;
				CLANG_WARN_COMMA = YES;
				CLANG_WARN_CONSTANT_CONVERSION = YES;
				CLANG_WARN_DEPRECATED_OBJC_IMPLEMENTATIONS = YES;
				CLANG_WARN_DIRECT_OBJC_ISA_USAGE = YES_ERROR;
				CLANG_WARN_DOCUMENTATION_COMMENTS = YES;
				CLANG_WARN_EMPTY_BODY = YES;
				CLANG_WARN_ENUM_CONVERSION = YES;
				CLANG_WARN_INFINITE_RECURSION = YES;
				CLANG_WARN_INT_CONVERSION = YES;
				CLANG_WARN_NON_LITERAL_NULL_CONVERSION = YES;
				CLANG_WARN_OBJC_IMPLICIT_RETAIN_SELF = YES;
				CLANG_WARN_OBJC_LITERAL_CONVERSION = YES;
				CLANG_WARN_OBJC_ROOT_CLASS = YES_ERROR;
				CLANG_WARN_RANGE_LOOP_ANALYSIS = YES;
				CLANG_WARN_STRICT_PROTOTYPES = YES;
				CLANG_WARN_SUSPICIOUS_MOVE = YES;
				CLANG_WARN_UNGUARDED_AVAILABILITY = YES_AGGRESSIVE;
				CLANG_WARN_UNREACHABLE_CODE = YES;
				CLANG_WARN__DUPLICATE_METHOD_MATCH = YES;
				COPY_PHASE_STRIP = NO;
				DEBUG_INFORMATION_FORMAT = "dwarf-with-dsym";
				ENABLE_NS_ASSERTIONS = NO;
				ENABLE_STRICT_OBJC_MSGSEND = YES;
				GCC_C_LANGUAGE_STANDARD = gnu11;
				GCC_NO_COMMON_BLOCKS = YES;
				GCC_WARN_64_TO_32_BIT_CONVERSION = YES;
				GCC_WARN_ABOUT_RETURN_TYPE = YES_ERROR;
				GCC_WARN_UNDECLARED_SELECTOR = YES;
				GCC_WARN_UNINITIALIZED_AUTOS = YES_AGGRESSIVE;
				GCC_WARN_UNUSED_FUNCTION = YES;
				GCC_WARN_UNUSED_VARIABLE = YES;
				IPHONEOS_DEPLOYMENT_TARGET = 13.2;
				MTL_ENABLE_DEBUG_INFO = NO;
				MTL_FAST_MATH = YES;
				SDKROOT = iphoneos;
				SWIFT_COMPILATION_MODE = wholemodule;
				SWIFT_OPTIMIZATION_LEVEL = "-O";
				VALIDATE_PRODUCT = YES;
			};
			name = Release;
		};
		702868A523B8445F006AF605 /* Debug */ = {
			isa = XCBuildConfiguration;
			buildSettings = {
				ASSETCATALOG_COMPILER_APPICON_NAME = AppIcon;
				CODE_SIGN_STYLE = Automatic;
				DEVELOPMENT_TEAM = 2439WLAK23;
				INFOPLIST_FILE = "Navigation Controller/Info.plist";
				LD_RUNPATH_SEARCH_PATHS = (
					"$(inherited)",
					"@executable_path/Frameworks",
				);
				PRODUCT_BUNDLE_IDENTIFIER = "MTH.Rideshare.Navigation-Controller";
				PRODUCT_NAME = "$(TARGET_NAME)";
				SWIFT_VERSION = 5.0;
				TARGETED_DEVICE_FAMILY = "1,2";
			};
			name = Debug;
		};
		702868A623B8445F006AF605 /* Release */ = {
			isa = XCBuildConfiguration;
			buildSettings = {
				ASSETCATALOG_COMPILER_APPICON_NAME = AppIcon;
				CODE_SIGN_STYLE = Automatic;
				DEVELOPMENT_TEAM = 2439WLAK23;
				INFOPLIST_FILE = "Navigation Controller/Info.plist";
				LD_RUNPATH_SEARCH_PATHS = (
					"$(inherited)",
					"@executable_path/Frameworks",
				);
				PRODUCT_BUNDLE_IDENTIFIER = "MTH.Rideshare.Navigation-Controller";
				PRODUCT_NAME = "$(TARGET_NAME)";
				SWIFT_VERSION = 5.0;
				TARGETED_DEVICE_FAMILY = "1,2";
			};
			name = Release;
		};
/* End XCBuildConfiguration section */

/* Begin XCConfigurationList section */
		7028688B23B8445D006AF605 /* Build configuration list for PBXProject "Navigation Controller" */ = {
			isa = XCConfigurationList;
			buildConfigurations = (
				702868A223B8445F006AF605 /* Debug */,
				702868A323B8445F006AF605 /* Release */,
			);
			defaultConfigurationIsVisible = 0;
			defaultConfigurationName = Release;
		};
		702868A423B8445F006AF605 /* Build configuration list for PBXNativeTarget "Navigation Controller" */ = {
			isa = XCConfigurationList;
			buildConfigurations = (
				702868A523B8445F006AF605 /* Debug */,
				702868A623B8445F006AF605 /* Release */,
			);
			defaultConfigurationIsVisible = 0;
			defaultConfigurationName = Release;
		};
/* End XCConfigurationList section */
	};
	rootObject = 7028688823B8445D006AF605 /* Project object */;
}
